
Microsoft Visual Studio Solution File, Format Version 12.00
# Visual Studio Version 17
VisualStudioVersion = 17.7.34221.43
MinimumVisualStudioVersion = 10.0.40219.1
Project("{9A19103F-16F7-4668-BE54-9A1E7A4F7556}") = "Ejercicio1_JokerApp", "Ejercicio1_JokerApp\Ejercicio1_JokerApp.csproj", "{5C451696-DF9D-4ADE-B352-BCE1A5F0E98E}"
EndProject
Project("{9A19103F-16F7-4668-BE54-9A1E7A4F7556}") = "Ejercicio2_RickAndMorty", "Ejercicio2_RickAndMorty\Ejercicio2_RickAndMorty.csproj", "{8F8692D7-F1B7-4F3F-94E1-6FDD48CFC5EF}"
EndProject
Project("{9A19103F-16F7-4668-BE54-9A1E7A4F7556}") = "Ejercicio3PlatziFakeStore", "Ejercicio3PlatziFakeStore\Ejercicio3PlatziFakeStore.csproj", "{2995A572-E005-4481-AF71-AC6F15353F34}"
EndProject
Project("{FAE04EC0-301F-11D3-BF4B-00C04F79EFBC}") = "Ejercicio4_AppInventario", "Ejercicio4_AppInventario\Ejercicio4_AppInventario.csproj", "{891A48CC-F698-4F06-BC9D-63BE30B77EA7}"
EndProject
Global
	GlobalSection(SolutionConfigurationPlatforms) = preSolution
		Debug|Any CPU = Debug|Any CPU
		Release|Any CPU = Release|Any CPU
	EndGlobalSection
	GlobalSection(ProjectConfigurationPlatforms) = postSolution
		{5C451696-DF9D-4ADE-B352-BCE1A5F0E98E}.Debug|Any CPU.ActiveCfg = Debug|Any CPU
		{5C451696-DF9D-4ADE-B352-BCE1A5F0E98E}.Debug|Any CPU.Build.0 = Debug|Any CPU
		{5C451696-DF9D-4ADE-B352-BCE1A5F0E98E}.Debug|Any CPU.Deploy.0 = Debug|Any CPU
		{5C451696-DF9D-4ADE-B352-BCE1A5F0E98E}.Release|Any CPU.ActiveCfg = Release|Any CPU
		{5C451696-DF9D-4ADE-B352-BCE1A5F0E98E}.Release|Any CPU.Build.0 = Release|Any CPU
		{5C451696-DF9D-4ADE-B352-BCE1A5F0E98E}.Release|Any CPU.Deploy.0 = Release|Any CPU
		{8F8692D7-F1B7-4F3F-94E1-6FDD48CFC5EF}.Debug|Any CPU.ActiveCfg = Debug|Any CPU
		{8F8692D7-F1B7-4F3F-94E1-6FDD48CFC5EF}.Debug|Any CPU.Build.0 = Debug|Any CPU
		{8F8692D7-F1B7-4F3F-94E1-6FDD48CFC5EF}.Debug|Any CPU.Deploy.0 = Debug|Any CPU
		{8F8692D7-F1B7-4F3F-94E1-6FDD48CFC5EF}.Release|Any CPU.ActiveCfg = Release|Any CPU
		{8F8692D7-F1B7-4F3F-94E1-6FDD48CFC5EF}.Release|Any CPU.Build.0 = Release|Any CPU
		{8F8692D7-F1B7-4F3F-94E1-6FDD48CFC5EF}.Release|Any CPU.Deploy.0 = Release|Any CPU
		{2995A572-E005-4481-AF71-AC6F15353F34}.Debug|Any CPU.ActiveCfg = Debug|Any CPU
		{2995A572-E005-4481-AF71-AC6F15353F34}.Debug|Any CPU.Build.0 = Debug|Any CPU
		{2995A572-E005-4481-AF71-AC6F15353F34}.Debug|Any CPU.Deploy.0 = Debug|Any CPU
		{2995A572-E005-4481-AF71-AC6F15353F34}.Release|Any CPU.ActiveCfg = Release|Any CPU
		{2995A572-E005-4481-AF71-AC6F15353F34}.Release|Any CPU.Build.0 = Release|Any CPU
		{2995A572-E005-4481-AF71-AC6F15353F34}.Release|Any CPU.Deploy.0 = Release|Any CPU
		{891A48CC-F698-4F06-BC9D-63BE30B77EA7}.Debug|Any CPU.ActiveCfg = Debug|Any CPU
		{891A48CC-F698-4F06-BC9D-63BE30B77EA7}.Debug|Any CPU.Build.0 = Debug|Any CPU
		{891A48CC-F698-4F06-BC9D-63BE30B77EA7}.Debug|Any CPU.Deploy.0 = Debug|Any CPU
		{891A48CC-F698-4F06-BC9D-63BE30B77EA7}.Release|Any CPU.ActiveCfg = Release|Any CPU
		{891A48CC-F698-4F06-BC9D-63BE30B77EA7}.Release|Any CPU.Build.0 = Release|Any CPU
		{891A48CC-F698-4F06-BC9D-63BE30B77EA7}.Release|Any CPU.Deploy.0 = Release|Any CPU
	EndGlobalSection
	GlobalSection(SolutionProperties) = preSolution
		HideSolutionNode = FALSE
	EndGlobalSection
	GlobalSection(ExtensibilityGlobals) = postSolution
		SolutionGuid = {3418774D-69B2-439D-A0B2-1D9E9DD9FCF0}
	EndGlobalSection
EndGlobal
